
Microsoft Visual Studio Solution File, Format Version 12.00
# Visual Studio 2013
VisualStudioVersion = 12.0.21005.1
MinimumVisualStudioVersion = 10.0.40219.1
Project("{FAE04EC0-301F-11D3-BF4B-00C04F79EFBC}") = "CommonWell.Token", "CommonWell.Token\CommonWell.Token.csproj", "{282FE118-0B1D-4BE1-AA85-42B8575BF450}"
EndProject
Project("{FAE04EC0-301F-11D3-BF4B-00C04F79EFBC}") = "CommonWell.Token.Tests", "CommonWell.Token.Tests\CommonWell.Token.Tests.csproj", "{0DDF4D76-1518-41B6-8477-BBC481FA72F2}"
EndProject
Global
	GlobalSection(SolutionConfigurationPlatforms) = preSolution
		Debug|Any CPU = Debug|Any CPU
		Release|Any CPU = Release|Any CPU
	EndGlobalSection
	GlobalSection(ProjectConfigurationPlatforms) = postSolution
		{282FE118-0B1D-4BE1-AA85-42B8575BF450}.Debug|Any CPU.ActiveCfg = Debug|Any CPU
		{282FE118-0B1D-4BE1-AA85-42B8575BF450}.Debug|Any CPU.Build.0 = Debug|Any CPU
		{282FE118-0B1D-4BE1-AA85-42B8575BF450}.Release|Any CPU.ActiveCfg = Release|Any CPU
		{282FE118-0B1D-4BE1-AA85-42B8575BF450}.Release|Any CPU.Build.0 = Release|Any CPU
		{0DDF4D76-1518-41B6-8477-BBC481FA72F2}.Debug|Any CPU.ActiveCfg = Debug|Any CPU
		{0DDF4D76-1518-41B6-8477-BBC481FA72F2}.Debug|Any CPU.Build.0 = Debug|Any CPU
		{0DDF4D76-1518-41B6-8477-BBC481FA72F2}.Release|Any CPU.ActiveCfg = Release|Any CPU
		{0DDF4D76-1518-41B6-8477-BBC481FA72F2}.Release|Any CPU.Build.0 = Release|Any CPU
	EndGlobalSection
	GlobalSection(SolutionProperties) = preSolution
		HideSolutionNode = FALSE
	EndGlobalSection
EndGlobal
